
Microsoft Visual Studio Solution File, Format Version 12.00
# Visual Studio Version 16
VisualStudioVersion = 16.0.31515.178
MinimumVisualStudioVersion = 10.0.40219.1
Project("{8BC9CEB8-8B4A-11D0-8D11-00A0C91BC942}") = "FabamacJogo", "FabamacJogo.vcxproj", "{269DAACB-72A7-48A9-9307-B9FF46B1DCE1}"
EndProject
Global
	GlobalSection(SolutionConfigurationPlatforms) = preSolution
		Debug|x64 = Debug|x64
		Debug|x86 = Debug|x86
		Release|x64 = Release|x64
		Release|x86 = Release|x86
	EndGlobalSection
	GlobalSection(ProjectConfigurationPlatforms) = postSolution
		{269DAACB-72A7-48A9-9307-B9FF46B1DCE1}.Debug|x64.ActiveCfg = Debug|x64
		{269DAACB-72A7-48A9-9307-B9FF46B1DCE1}.Debug|x64.Build.0 = Debug|x64
		{269DAACB-72A7-48A9-9307-B9FF46B1DCE1}.Debug|x86.ActiveCfg = Debug|Win32
		{269DAACB-72A7-48A9-9307-B9FF46B1DCE1}.Debug|x86.Build.0 = Debug|Win32
		{269DAACB-72A7-48A9-9307-B9FF46B1DCE1}.Release|x64.ActiveCfg = Release|x64
		{269DAACB-72A7-48A9-9307-B9FF46B1DCE1}.Release|x64.Build.0 = Release|x64
		{269DAACB-72A7-48A9-9307-B9FF46B1DCE1}.Release|x86.ActiveCfg = Release|Win32
		{269DAACB-72A7-48A9-9307-B9FF46B1DCE1}.Release|x86.Build.0 = Release|Win32
	EndGlobalSection
	GlobalSection(SolutionProperties) = preSolution
		HideSolutionNode = FALSE
	EndGlobalSection
	GlobalSection(ExtensibilityGlobals) = postSolution
		SolutionGuid = {4B34D40A-2FC2-451E-94D0-C46A4E44E086}
	EndGlobalSection
EndGlobal
